
Microsoft Visual Studio Solution File, Format Version 12.00
# Visual Studio Version 16
VisualStudioVersion = 16.0.30320.27
MinimumVisualStudioVersion = 10.0.40219.1
Project("{FAE04EC0-301F-11D3-BF4B-00C04F79EFBC}") = "MineSweeperMVC", "MineSweeperMVC.csproj", "{FD4E2557-1D36-4597-8D63-2FBEC0FCC59E}"
EndProject
Global
	GlobalSection(SolutionConfigurationPlatforms) = preSolution
		Debug|Any CPU = Debug|Any CPU
		Release|Any CPU = Release|Any CPU
	EndGlobalSection
	GlobalSection(ProjectConfigurationPlatforms) = postSolution
		{FD4E2557-1D36-4597-8D63-2FBEC0FCC59E}.Debug|Any CPU.ActiveCfg = Debug|Any CPU
		{FD4E2557-1D36-4597-8D63-2FBEC0FCC59E}.Debug|Any CPU.Build.0 = Debug|Any CPU
		{FD4E2557-1D36-4597-8D63-2FBEC0FCC59E}.Release|Any CPU.ActiveCfg = Release|Any CPU
		{FD4E2557-1D36-4597-8D63-2FBEC0FCC59E}.Release|Any CPU.Build.0 = Release|Any CPU
	EndGlobalSection
	GlobalSection(SolutionProperties) = preSolution
		HideSolutionNode = FALSE
	EndGlobalSection
	GlobalSection(ExtensibilityGlobals) = postSolution
		SolutionGuid = {0C9F618D-3DF6-4CB6-84B8-41EC6A270425}
	EndGlobalSection
EndGlobal
